
Microsoft Visual Studio Solution File, Format Version 12.00
# Visual Studio 2012
Project("{FAE04EC0-301F-11D3-BF4B-00C04F79EFBC}") = "sem8_paw", "sem8_paw\sem8_paw.csproj", "{61E3E7C7-272B-4062-90F3-919FDCC5590B}"
EndProject
Global
	GlobalSection(SolutionConfigurationPlatforms) = preSolution
		Debug|Any CPU = Debug|Any CPU
		Release|Any CPU = Release|Any CPU
	EndGlobalSection
	GlobalSection(ProjectConfigurationPlatforms) = postSolution
		{61E3E7C7-272B-4062-90F3-919FDCC5590B}.Debug|Any CPU.ActiveCfg = Debug|Any CPU
		{61E3E7C7-272B-4062-90F3-919FDCC5590B}.Debug|Any CPU.Build.0 = Debug|Any CPU
		{61E3E7C7-272B-4062-90F3-919FDCC5590B}.Release|Any CPU.ActiveCfg = Release|Any CPU
		{61E3E7C7-272B-4062-90F3-919FDCC5590B}.Release|Any CPU.Build.0 = Release|Any CPU
	EndGlobalSection
	GlobalSection(SolutionProperties) = preSolution
		HideSolutionNode = FALSE
	EndGlobalSection
EndGlobal
